<Solution>
  <Configurations>
    <Platform Name="ARM64" />
    <Platform Name="x64" />
    <Platform Name="x86" />
  </Configurations>
  <Folder Name="/솔루션 항목/">
    <File Path=".clang-format" />
    <File Path=".clang-tidy" />
    <File Path=".editorconfig" />
    <File Path=".gitignore" />
    <File Path="CMakeLists.txt" />
    <File Path="gitattributes" />
    <File Path="README.md" />
    <File Path="vcpkg-configuration.json" />
    <File Path="vcpkg.json" />
  </Folder>
  <Project Path="Mini-Redis.vcxproj" Id="d2615404-7407-4d67-ae3f-c54130408c4e" />
</Solution>
